// !$*UTF8*$!
{
	archiveVersion = 1;
	classes = {
	};
	objectVersion = 56;
	objects = {

/* Begin PBXBuildFile section */
		314C405E2BCE2FE400956DA8 /* TourMeApp_Final_projectApp.swift in Sources */ = {isa = PBXBuildFile; fileRef = 314C405D2BCE2FE400956DA8 /* TourMeApp_Final_projectApp.swift */; };
		314C40602BCE2FE400956DA8 /* ContentView.swift in Sources */ = {isa = PBXBuildFile; fileRef = 314C405F2BCE2FE400956DA8 /* ContentView.swift */; };
		314C40622BCE2FFF00956DA8 /* Assets.xcassets in Resources */ = {isa = PBXBuildFile; fileRef = 314C40612BCE2FFF00956DA8 /* Assets.xcassets */; };
		314C40652BCE2FFF00956DA8 /* Preview Assets.xcassets in Resources */ = {isa = PBXBuildFile; fileRef = 314C40642BCE2FFF00956DA8 /* Preview Assets.xcassets */; };
		314C406F2BCE300000956DA8 /* TourMeApp_Final_projectTests.swift in Sources */ = {isa = PBXBuildFile; fileRef = 314C406E2BCE300000956DA8 /* TourMeApp_Final_projectTests.swift */; };
		314C40792BCE300000956DA8 /* TourMeApp_Final_projectUITests.swift in Sources */ = {isa = PBXBuildFile; fileRef = 314C40782BCE300000956DA8 /* TourMeApp_Final_projectUITests.swift */; };
		314C407B2BCE300000956DA8 /* TourMeApp_Final_projectUITestsLaunchTests.swift in Sources */ = {isa = PBXBuildFile; fileRef = 314C407A2BCE300000956DA8 /* TourMeApp_Final_projectUITestsLaunchTests.swift */; };
		314C408F2BCE384F00956DA8 /* LoginView .swift in Sources */ = {isa = PBXBuildFile; fileRef = 314C408E2BCE384F00956DA8 /* LoginView .swift */; };
		314C40912BCE3A6900956DA8 /* InputView.swift in Sources */ = {isa = PBXBuildFile; fileRef = 314C40902BCE3A6900956DA8 /* InputView.swift */; };
/* End PBXBuildFile section */

/* Begin PBXContainerItemProxy section */
		314C406B2BCE300000956DA8 /* PBXContainerItemProxy */ = {
			isa = PBXContainerItemProxy;
			containerPortal = 314C40522BCE2FE400956DA8 /* Project object */;
			proxyType = 1;
			remoteGlobalIDString = 314C40592BCE2FE400956DA8;
			remoteInfo = "TourMeApp-Final_project";
		};
		314C40752BCE300000956DA8 /* PBXContainerItemProxy */ = {
			isa = PBXContainerItemProxy;
			containerPortal = 314C40522BCE2FE400956DA8 /* Project object */;
			proxyType = 1;
			remoteGlobalIDString = 314C40592BCE2FE400956DA8;
			remoteInfo = "TourMeApp-Final_project";
		};
/* End PBXContainerItemProxy section */

/* Begin PBXFileReference section */
		314C405A2BCE2FE400956DA8 /* TourMeApp-Final_project.app */ = {isa = PBXFileReference; explicitFileType = wrapper.application; includeInIndex = 0; path = "TourMeApp-Final_project.app"; sourceTree = BUILT_PRODUCTS_DIR; };
		314C405D2BCE2FE400956DA8 /* TourMeApp_Final_projectApp.swift */ = {isa = PBXFileReference; lastKnownFileType = sourcecode.swift; path = TourMeApp_Final_projectApp.swift; sourceTree = "<group>"; };
		314C405F2BCE2FE400956DA8 /* ContentView.swift */ = {isa = PBXFileReference; lastKnownFileType = sourcecode.swift; path = ContentView.swift; sourceTree = "<group>"; };
		314C40612BCE2FFF00956DA8 /* Assets.xcassets */ = {isa = PBXFileReference; lastKnownFileType = folder.assetcatalog; path = Assets.xcassets; sourceTree = "<group>"; };
		314C40642BCE2FFF00956DA8 /* Preview Assets.xcassets */ = {isa = PBXFileReference; lastKnownFileType = folder.assetcatalog; path = "Preview Assets.xcassets"; sourceTree = "<group>"; };
		314C406A2BCE300000956DA8 /* TourMeApp-Final_projectTests.xctest */ = {isa = PBXFileReference; explicitFileType = wrapper.cfbundle; includeInIndex = 0; path = "TourMeApp-Final_projectTests.xctest"; sourceTree = BUILT_PRODUCTS_DIR; };
		314C406E2BCE300000956DA8 /* TourMeApp_Final_projectTests.swift */ = {isa = PBXFileReference; lastKnownFileType = sourcecode.swift; path = TourMeApp_Final_projectTests.swift; sourceTree = "<group>"; };
		314C40742BCE300000956DA8 /* TourMeApp-Final_projectUITests.xctest */ = {isa = PBXFileReference; explicitFileType = wrapper.cfbundle; includeInIndex = 0; path = "TourMeApp-Final_projectUITests.xctest"; sourceTree = BUILT_PRODUCTS_DIR; };
		314C40782BCE300000956DA8 /* TourMeApp_Final_projectUITests.swift */ = {isa = PBXFileReference; lastKnownFileType = sourcecode.swift; path = TourMeApp_Final_projectUITests.swift; sourceTree = "<group>"; };
		314C407A2BCE300000956DA8 /* TourMeApp_Final_projectUITestsLaunchTests.swift */ = {isa = PBXFileReference; lastKnownFileType = sourcecode.swift; path = TourMeApp_Final_projectUITestsLaunchTests.swift; sourceTree = "<group>"; };
		314C408E2BCE384F00956DA8 /* LoginView .swift */ = {isa = PBXFileReference; lastKnownFileType = sourcecode.swift; path = "LoginView .swift"; sourceTree = "<group>"; };
		314C40902BCE3A6900956DA8 /* InputView.swift */ = {isa = PBXFileReference; lastKnownFileType = sourcecode.swift; path = InputView.swift; sourceTree = "<group>"; };
/* End PBXFileReference section */

/* Begin PBXFrameworksBuildPhase section */
		314C40572BCE2FE400956DA8 /* Frameworks */ = {
			isa = PBXFrameworksBuildPhase;
			buildActionMask = 2147483647;
			files = (
			);
			runOnlyForDeploymentPostprocessing = 0;
		};
		314C40672BCE300000956DA8 /* Frameworks */ = {
			isa = PBXFrameworksBuildPhase;
			buildActionMask = 2147483647;
			files = (
			);
			runOnlyForDeploymentPostprocessing = 0;
		};
		314C40712BCE300000956DA8 /* Frameworks */ = {
			isa = PBXFrameworksBuildPhase;
			buildActionMask = 2147483647;
			files = (
			);
			runOnlyForDeploymentPostprocessing = 0;
		};
/* End PBXFrameworksBuildPhase section */

/* Begin PBXGroup section */
		314C40512BCE2FE400956DA8 = {
			isa = PBXGroup;
			children = (
				314C405C2BCE2FE400956DA8 /* TourMeApp-Final_project */,
				314C406D2BCE300000956DA8 /* TourMeApp-Final_projectTests */,
				314C40772BCE300000956DA8 /* TourMeApp-Final_projectUITests */,
				314C405B2BCE2FE400956DA8 /* Products */,
			);
			sourceTree = "<group>";
		};
		314C405B2BCE2FE400956DA8 /* Products */ = {
			isa = PBXGroup;
			children = (
				314C405A2BCE2FE400956DA8 /* TourMeApp-Final_project.app */,
				314C406A2BCE300000956DA8 /* TourMeApp-Final_projectTests.xctest */,
				314C40742BCE300000956DA8 /* TourMeApp-Final_projectUITests.xctest */,
			);
			name = Products;
			sourceTree = "<group>";
		};
		314C405C2BCE2FE400956DA8 /* TourMeApp-Final_project */ = {
			isa = PBXGroup;
			children = (
				314C408A2BCE368100956DA8 /* App */,
				314C40892BCE367C00956DA8 /* Components */,
				314C40882BCE367800956DA8 /* Core-viewmodels */,
				314C40872BCE365800956DA8 /* Model  */,
				314C40612BCE2FFF00956DA8 /* Assets.xcassets */,
				314C40632BCE2FFF00956DA8 /* Preview Content */,
			);
			path = "TourMeApp-Final_project";
			sourceTree = "<group>";
		};
		314C40632BCE2FFF00956DA8 /* Preview Content */ = {
			isa = PBXGroup;
			children = (
				314C40642BCE2FFF00956DA8 /* Preview Assets.xcassets */,
			);
			path = "Preview Content";
			sourceTree = "<group>";
		};
		314C406D2BCE300000956DA8 /* TourMeApp-Final_projectTests */ = {
			isa = PBXGroup;
			children = (
				314C406E2BCE300000956DA8 /* TourMeApp_Final_projectTests.swift */,
			);
			path = "TourMeApp-Final_projectTests";
			sourceTree = "<group>";
		};
		314C40772BCE300000956DA8 /* TourMeApp-Final_projectUITests */ = {
			isa = PBXGroup;
			children = (
				314C40782BCE300000956DA8 /* TourMeApp_Final_projectUITests.swift */,
				314C407A2BCE300000956DA8 /* TourMeApp_Final_projectUITestsLaunchTests.swift */,
			);
			path = "TourMeApp-Final_projectUITests";
			sourceTree = "<group>";
		};
		314C40872BCE365800956DA8 /* Model  */ = {
			isa = PBXGroup;
			children = (
			);
			path = "Model ";
			sourceTree = "<group>";
		};
		314C40882BCE367800956DA8 /* Core-viewmodels */ = {
			isa = PBXGroup;
			children = (
				314C408C2BCE372600956DA8 /* Authentication */,
				314C408D2BCE373F00956DA8 /* Profile */,
				314C408B2BCE370100956DA8 /* Root */,
			);
			path = "Core-viewmodels";
			sourceTree = "<group>";
		};
		314C40892BCE367C00956DA8 /* Components */ = {
			isa = PBXGroup;
			children = (
				314C40902BCE3A6900956DA8 /* InputView.swift */,
			);
			path = Components;
			sourceTree = "<group>";
		};
		314C408A2BCE368100956DA8 /* App */ = {
			isa = PBXGroup;
			children = (
				314C405D2BCE2FE400956DA8 /* TourMeApp_Final_projectApp.swift */,
			);
			path = App;
			sourceTree = "<group>";
		};
		314C408B2BCE370100956DA8 /* Root */ = {
			isa = PBXGroup;
			children = (
				314C405F2BCE2FE400956DA8 /* ContentView.swift */,
			);
			path = Root;
			sourceTree = "<group>";
		};
		314C408C2BCE372600956DA8 /* Authentication */ = {
			isa = PBXGroup;
			children = (
				314C408E2BCE384F00956DA8 /* LoginView .swift */,
			);
			path = Authentication;
			sourceTree = "<group>";
		};
		314C408D2BCE373F00956DA8 /* Profile */ = {
			isa = PBXGroup;
			children = (
			);
			path = Profile;
			sourceTree = "<group>";
		};
/* End PBXGroup section */

/* Begin PBXNativeTarget section */
		314C40592BCE2FE400956DA8 /* TourMeApp-Final_project */ = {
			isa = PBXNativeTarget;
			buildConfigurationList = 314C407E2BCE300000956DA8 /* Build configuration list for PBXNativeTarget "TourMeApp-Final_project" */;
			buildPhases = (
				314C40562BCE2FE400956DA8 /* Sources */,
				314C40572BCE2FE400956DA8 /* Frameworks */,
				314C40582BCE2FE400956DA8 /* Resources */,
			);
			buildRules = (
			);
			dependencies = (
			);
			name = "TourMeApp-Final_project";
			productName = "TourMeApp-Final_project";
			productReference = 314C405A2BCE2FE400956DA8 /* TourMeApp-Final_project.app */;
			productType = "com.apple.product-type.application";
		};
		314C40692BCE300000956DA8 /* TourMeApp-Final_projectTests */ = {
			isa = PBXNativeTarget;
			buildConfigurationList = 314C40812BCE300000956DA8 /* Build configuration list for PBXNativeTarget "TourMeApp-Final_projectTests" */;
			buildPhases = (
				314C40662BCE300000956DA8 /* Sources */,
				314C40672BCE300000956DA8 /* Frameworks */,
				314C40682BCE300000956DA8 /* Resources */,
			);
			buildRules = (
			);
			dependencies = (
				314C406C2BCE300000956DA8 /* PBXTargetDependency */,
			);
			name = "TourMeApp-Final_projectTests";
			productName = "TourMeApp-Final_projectTests";
			productReference = 314C406A2BCE300000956DA8 /* TourMeApp-Final_projectTests.xctest */;
			productType = "com.apple.product-type.bundle.unit-test";
		};
		314C40732BCE300000956DA8 /* TourMeApp-Final_projectUITests */ = {
			isa = PBXNativeTarget;
			buildConfigurationList = 314C40842BCE300000956DA8 /* Build configuration list for PBXNativeTarget "TourMeApp-Final_projectUITests" */;
			buildPhases = (
				314C40702BCE300000956DA8 /* Sources */,
				314C40712BCE300000956DA8 /* Frameworks */,
				314C40722BCE300000956DA8 /* Resources */,
			);
			buildRules = (
			);
			dependencies = (
				314C40762BCE300000956DA8 /* PBXTargetDependency */,
			);
			name = "TourMeApp-Final_projectUITests";
			productName = "TourMeApp-Final_projectUITests";
			productReference = 314C40742BCE300000956DA8 /* TourMeApp-Final_projectUITests.xctest */;
			productType = "com.apple.product-type.bundle.ui-testing";
		};
/* End PBXNativeTarget section */

/* Begin PBXProject section */
		314C40522BCE2FE400956DA8 /* Project object */ = {
			isa = PBXProject;
			attributes = {
				BuildIndependentTargetsInParallel = 1;
				LastSwiftUpdateCheck = 1530;
				LastUpgradeCheck = 1530;
				TargetAttributes = {
					314C40592BCE2FE400956DA8 = {
						CreatedOnToolsVersion = 15.3;
					};
					314C40692BCE300000956DA8 = {
						CreatedOnToolsVersion = 15.3;
						TestTargetID = 314C40592BCE2FE400956DA8;
					};
					314C40732BCE300000956DA8 = {
						CreatedOnToolsVersion = 15.3;
						TestTargetID = 314C40592BCE2FE400956DA8;
					};
				};
			};
			buildConfigurationList = 314C40552BCE2FE400956DA8 /* Build configuration list for PBXProject "TourMeApp-Final_project" */;
			compatibilityVersion = "Xcode 14.0";
			developmentRegion = en;
			hasScannedForEncodings = 0;
			knownRegions = (
				en,
				Base,
			);
			mainGroup = 314C40512BCE2FE400956DA8;
			productRefGroup = 314C405B2BCE2FE400956DA8 /* Products */;
			projectDirPath = "";
			projectRoot = "";
			targets = (
				314C40592BCE2FE400956DA8 /* TourMeApp-Final_project */,
				314C40692BCE300000956DA8 /* TourMeApp-Final_projectTests */,
				314C40732BCE300000956DA8 /* TourMeApp-Final_projectUITests */,
			);
		};
/* End PBXProject section */

/* Begin PBXResourcesBuildPhase section */
		314C40582BCE2FE400956DA8 /* Resources */ = {
			isa = PBXResourcesBuildPhase;
			buildActionMask = 2147483647;
			files = (
				314C40652BCE2FFF00956DA8 /* Preview Assets.xcassets in Resources */,
				314C40622BCE2FFF00956DA8 /* Assets.xcassets in Resources */,
			);
			runOnlyForDeploymentPostprocessing = 0;
		};
		314C40682BCE300000956DA8 /* Resources */ = {
			isa = PBXResourcesBuildPhase;
			buildActionMask = 2147483647;
			files = (
			);
			runOnlyForDeploymentPostprocessing = 0;
		};
		314C40722BCE300000956DA8 /* Resources */ = {
			isa = PBXResourcesBuildPhase;
			buildActionMask = 2147483647;
			files = (
			);
			runOnlyForDeploymentPostprocessing = 0;
		};
/* End PBXResourcesBuildPhase section */

/* Begin PBXSourcesBuildPhase section */
		314C40562BCE2FE400956DA8 /* Sources */ = {
			isa = PBXSourcesBuildPhase;
			buildActionMask = 2147483647;
			files = (
				314C40602BCE2FE400956DA8 /* ContentView.swift in Sources */,
				314C40912BCE3A6900956DA8 /* InputView.swift in Sources */,
				314C408F2BCE384F00956DA8 /* LoginView .swift in Sources */,
				314C405E2BCE2FE400956DA8 /* TourMeApp_Final_projectApp.swift in Sources */,
			);
			runOnlyForDeploymentPostprocessing = 0;
		};
		314C40662BCE300000956DA8 /* Sources */ = {
			isa = PBXSourcesBuildPhase;
			buildActionMask = 2147483647;
			files = (
				314C406F2BCE300000956DA8 /* TourMeApp_Final_projectTests.swift in Sources */,
			);
			runOnlyForDeploymentPostprocessing = 0;
		};
		314C40702BCE300000956DA8 /* Sources */ = {
			isa = PBXSourcesBuildPhase;
			buildActionMask = 2147483647;
			files = (
				314C40792BCE300000956DA8 /* TourMeApp_Final_projectUITests.swift in Sources */,
				314C407B2BCE300000956DA8 /* TourMeApp_Final_projectUITestsLaunchTests.swift in Sources */,
			);
			runOnlyForDeploymentPostprocessing = 0;
		};
/* End PBXSourcesBuildPhase section */

/* Begin PBXTargetDependency section */
		314C406C2BCE300000956DA8 /* PBXTargetDependency */ = {
			isa = PBXTargetDependency;
			target = 314C40592BCE2FE400956DA8 /* TourMeApp-Final_project */;
			targetProxy = 314C406B2BCE300000956DA8 /* PBXContainerItemProxy */;
		};
		314C40762BCE300000956DA8 /* PBXTargetDependency */ = {
			isa = PBXTargetDependency;
			target = 314C40592BCE2FE400956DA8 /* TourMeApp-Final_project */;
			targetProxy = 314C40752BCE300000956DA8 /* PBXContainerItemProxy */;
		};
/* End PBXTargetDependency section */

/* Begin XCBuildConfiguration section */
		314C407C2BCE300000956DA8 /* Debug */ = {
			isa = XCBuildConfiguration;
			buildSettings = {
				ALWAYS_SEARCH_USER_PATHS = NO;
				ASSETCATALOG_COMPILER_GENERATE_SWIFT_ASSET_SYMBOL_EXTENSIONS = YES;
				CLANG_ANALYZER_NONNULL = YES;
				CLANG_ANALYZER_NUMBER_OBJECT_CONVERSION = YES_AGGRESSIVE;
				CLANG_CXX_LANGUAGE_STANDARD = "gnu++20";
				CLANG_ENABLE_MODULES = YES;
				CLANG_ENABLE_OBJC_ARC = YES;
				CLANG_ENABLE_OBJC_WEAK = YES;
				CLANG_WARN_BLOCK_CAPTURE_AUTORELEASING = YES;
				CLANG_WARN_BOOL_CONVERSION = YES;
				CLANG_WARN_COMMA = YES;
				CLANG_WARN_CONSTANT_CONVERSION = YES;
				CLANG_WARN_DEPRECATED_OBJC_IMPLEMENTATIONS = YES;
				CLANG_WARN_DIRECT_OBJC_ISA_USAGE = YES_ERROR;
				CLANG_WARN_DOCUMENTATION_COMMENTS = YES;
				CLANG_WARN_EMPTY_BODY = YES;
				CLANG_WARN_ENUM_CONVERSION = YES;
				CLANG_WARN_INFINITE_RECURSION = YES;
				CLANG_WARN_INT_CONVERSION = YES;
				CLANG_WARN_NON_LITERAL_NULL_CONVERSION = YES;
				CLANG_WARN_OBJC_IMPLICIT_RETAIN_SELF = YES;
				CLANG_WARN_OBJC_LITERAL_CONVERSION = YES;
				CLANG_WARN_OBJC_ROOT_CLASS = YES_ERROR;
				CLANG_WARN_QUOTED_INCLUDE_IN_FRAMEWORK_HEADER = YES;
				CLANG_WARN_RANGE_LOOP_ANALYSIS = YES;
				CLANG_WARN_STRICT_PROTOTYPES = YES;
				CLANG_WARN_SUSPICIOUS_MOVE = YES;
				CLANG_WARN_UNGUARDED_AVAILABILITY = YES_AGGRESSIVE;
				CLANG_WARN_UNREACHABLE_CODE = YES;
				CLANG_WARN__DUPLICATE_METHOD_MATCH = YES;
				COPY_PHASE_STRIP = NO;
				DEBUG_INFORMATION_FORMAT = dwarf;
				ENABLE_STRICT_OBJC_MSGSEND = YES;
				ENABLE_TESTABILITY = YES;
				ENABLE_USER_SCRIPT_SANDBOXING = YES;
				GCC_C_LANGUAGE_STANDARD = gnu17;
				GCC_DYNAMIC_NO_PIC = NO;
				GCC_NO_COMMON_BLOCKS = YES;
				GCC_OPTIMIZATION_LEVEL = 0;
				GCC_PREPROCESSOR_DEFINITIONS = (
					"DEBUG=1",
					"$(inherited)",
				);
				GCC_WARN_64_TO_32_BIT_CONVERSION = YES;
				GCC_WARN_ABOUT_RETURN_TYPE = YES_ERROR;
				GCC_WARN_UNDECLARED_SELECTOR = YES;
				GCC_WARN_UNINITIALIZED_AUTOS = YES_AGGRESSIVE;
				GCC_WARN_UNUSED_FUNCTION = YES;
				GCC_WARN_UNUSED_VARIABLE = YES;
				IPHONEOS_DEPLOYMENT_TARGET = 17.4;
				LOCALIZATION_PREFERS_STRING_CATALOGS = YES;
				MTL_ENABLE_DEBUG_INFO = INCLUDE_SOURCE;
				MTL_FAST_MATH = YES;
				ONLY_ACTIVE_ARCH = YES;
				SDKROOT = iphoneos;
				SWIFT_ACTIVE_COMPILATION_CONDITIONS = "DEBUG $(inherited)";
				SWIFT_OPTIMIZATION_LEVEL = "-Onone";
			};
			name = Debug;
		};
		314C407D2BCE300000956DA8 /* Release */ = {
			isa = XCBuildConfiguration;
			buildSettings = {
				ALWAYS_SEARCH_USER_PATHS = NO;
				ASSETCATALOG_COMPILER_GENERATE_SWIFT_ASSET_SYMBOL_EXTENSIONS = YES;
				CLANG_ANALYZER_NONNULL = YES;
				CLANG_ANALYZER_NUMBER_OBJECT_CONVERSION = YES_AGGRESSIVE;
				CLANG_CXX_LANGUAGE_STANDARD = "gnu++20";
				CLANG_ENABLE_MODULES = YES;
				CLANG_ENABLE_OBJC_ARC = YES;
				CLANG_ENABLE_OBJC_WEAK = YES;
				CLANG_WARN_BLOCK_CAPTURE_AUTORELEASING = YES;
				CLANG_WARN_BOOL_CONVERSION = YES;
				CLANG_WARN_COMMA = YES;
				CLANG_WARN_CONSTANT_CONVERSION = YES;
				CLANG_WARN_DEPRECATED_OBJC_IMPLEMENTATIONS = YES;
				CLANG_WARN_DIRECT_OBJC_ISA_USAGE = YES_ERROR;
				CLANG_WARN_DOCUMENTATION_COMMENTS = YES;
				CLANG_WARN_EMPTY_BODY = YES;
				CLANG_WARN_ENUM_CONVERSION = YES;
				CLANG_WARN_INFINITE_RECURSION = YES;
				CLANG_WARN_INT_CONVERSION = YES;
				CLANG_WARN_NON_LITERAL_NULL_CONVERSION = YES;
				CLANG_WARN_OBJC_IMPLICIT_RETAIN_SELF = YES;
				CLANG_WARN_OBJC_LITERAL_CONVERSION = YES;
				CLANG_WARN_OBJC_ROOT_CLASS = YES_ERROR;
				CLANG_WARN_QUOTED_INCLUDE_IN_FRAMEWORK_HEADER = YES;
				CLANG_WARN_RANGE_LOOP_ANALYSIS = YES;
				CLANG_WARN_STRICT_PROTOTYPES = YES;
				CLANG_WARN_SUSPICIOUS_MOVE = YES;
				CLANG_WARN_UNGUARDED_AVAILABILITY = YES_AGGRESSIVE;
				CLANG_WARN_UNREACHABLE_CODE = YES;
				CLANG_WARN__DUPLICATE_METHOD_MATCH = YES;
				COPY_PHASE_STRIP = NO;
				DEBUG_INFORMATION_FORMAT = "dwarf-with-dsym";
				ENABLE_NS_ASSERTIONS = NO;
				ENABLE_STRICT_OBJC_MSGSEND = YES;
				ENABLE_USER_SCRIPT_SANDBOXING = YES;
				GCC_C_LANGUAGE_STANDARD = gnu17;
				GCC_NO_COMMON_BLOCKS = YES;
				GCC_WARN_64_TO_32_BIT_CONVERSION = YES;
				GCC_WARN_ABOUT_RETURN_TYPE = YES_ERROR;
				GCC_WARN_UNDECLARED_SELECTOR = YES;
				GCC_WARN_UNINITIALIZED_AUTOS = YES_AGGRESSIVE;
				GCC_WARN_UNUSED_FUNCTION = YES;
				GCC_WARN_UNUSED_VARIABLE = YES;
				IPHONEOS_DEPLOYMENT_TARGET = 17.4;
				LOCALIZATION_PREFERS_STRING_CATALOGS = YES;
				MTL_ENABLE_DEBUG_INFO = NO;
				MTL_FAST_MATH = YES;
				SDKROOT = iphoneos;
				SWIFT_COMPILATION_MODE = wholemodule;
				VALIDATE_PRODUCT = YES;
			};
			name = Release;
		};
		314C407F2BCE300000956DA8 /* Debug */ = {
			isa = XCBuildConfiguration;
			buildSettings = {
				ASSETCATALOG_COMPILER_APPICON_NAME = AppIcon;
				ASSETCATALOG_COMPILER_GLOBAL_ACCENT_COLOR_NAME = AccentColor;
				CODE_SIGN_STYLE = Automatic;
				CURRENT_PROJECT_VERSION = 1;
				DEVELOPMENT_ASSET_PATHS = "\"TourMeApp-Final_project/Preview Content\"";
				ENABLE_PREVIEWS = YES;
				GENERATE_INFOPLIST_FILE = YES;
				INFOPLIST_KEY_UIApplicationSceneManifest_Generation = YES;
				INFOPLIST_KEY_UIApplicationSupportsIndirectInputEvents = YES;
				INFOPLIST_KEY_UILaunchScreen_Generation = YES;
				INFOPLIST_KEY_UISupportedInterfaceOrientations_iPad = "UIInterfaceOrientationPortrait UIInterfaceOrientationPortraitUpsideDown UIInterfaceOrientationLandscapeLeft UIInterfaceOrientationLandscapeRight";
				INFOPLIST_KEY_UISupportedInterfaceOrientations_iPhone = "UIInterfaceOrientationPortrait UIInterfaceOrientationLandscapeLeft UIInterfaceOrientationLandscapeRight";
				LD_RUNPATH_SEARCH_PATHS = (
					"$(inherited)",
					"@executable_path/Frameworks",
				);
				MARKETING_VERSION = 1.0;
				PRODUCT_BUNDLE_IDENTIFIER = "fahim.amiri21-gmail.com.TourMeApp-Final-project";
				PRODUCT_NAME = "$(TARGET_NAME)";
				SWIFT_EMIT_LOC_STRINGS = YES;
				SWIFT_VERSION = 5.0;
				TARGETED_DEVICE_FAMILY = "1,2";
			};
			name = Debug;
		};
		314C40802BCE300000956DA8 /* Release */ = {
			isa = XCBuildConfiguration;
			buildSettings = {
				ASSETCATALOG_COMPILER_APPICON_NAME = AppIcon;
				ASSETCATALOG_COMPILER_GLOBAL_ACCENT_COLOR_NAME = AccentColor;
				CODE_SIGN_STYLE = Automatic;
				CURRENT_PROJECT_VERSION = 1;
				DEVELOPMENT_ASSET_PATHS = "\"TourMeApp-Final_project/Preview Content\"";
				ENABLE_PREVIEWS = YES;
				GENERATE_INFOPLIST_FILE = YES;
				INFOPLIST_KEY_UIApplicationSceneManifest_Generation = YES;
				INFOPLIST_KEY_UIApplicationSupportsIndirectInputEvents = YES;
				INFOPLIST_KEY_UILaunchScreen_Generation = YES;
				INFOPLIST_KEY_UISupportedInterfaceOrientations_iPad = "UIInterfaceOrientationPortrait UIInterfaceOrientationPortraitUpsideDown UIInterfaceOrientationLandscapeLeft UIInterfaceOrientationLandscapeRight";
				INFOPLIST_KEY_UISupportedInterfaceOrientations_iPhone = "UIInterfaceOrientationPortrait UIInterfaceOrientationLandscapeLeft UIInterfaceOrientationLandscapeRight";
				LD_RUNPATH_SEARCH_PATHS = (
					"$(inherited)",
					"@executable_path/Frameworks",
				);
				MARKETING_VERSION = 1.0;
				PRODUCT_BUNDLE_IDENTIFIER = "fahim.amiri21-gmail.com.TourMeApp-Final-project";
				PRODUCT_NAME = "$(TARGET_NAME)";
				SWIFT_EMIT_LOC_STRINGS = YES;
				SWIFT_VERSION = 5.0;
				TARGETED_DEVICE_FAMILY = "1,2";
			};
			name = Release;
		};
		314C40822BCE300000956DA8 /* Debug */ = {
			isa = XCBuildConfiguration;
			buildSettings = {
				ALWAYS_EMBED_SWIFT_STANDARD_LIBRARIES = YES;
				BUNDLE_LOADER = "$(TEST_HOST)";
				CODE_SIGN_STYLE = Automatic;
				CURRENT_PROJECT_VERSION = 1;
				GENERATE_INFOPLIST_FILE = YES;
				IPHONEOS_DEPLOYMENT_TARGET = 17.4;
				MARKETING_VERSION = 1.0;
				PRODUCT_BUNDLE_IDENTIFIER = "fahim.amiri21-gmail.com.TourMeApp-Final-projectTests";
				PRODUCT_NAME = "$(TARGET_NAME)";
				SWIFT_EMIT_LOC_STRINGS = NO;
				SWIFT_VERSION = 5.0;
				TARGETED_DEVICE_FAMILY = "1,2";
				TEST_HOST = "$(BUILT_PRODUCTS_DIR)/TourMeApp-Final_project.app/$(BUNDLE_EXECUTABLE_FOLDER_PATH)/TourMeApp-Final_project";
			};
			name = Debug;
		};
		314C40832BCE300000956DA8 /* Release */ = {
			isa = XCBuildConfiguration;
			buildSettings = {
				ALWAYS_EMBED_SWIFT_STANDARD_LIBRARIES = YES;
				BUNDLE_LOADER = "$(TEST_HOST)";
				CODE_SIGN_STYLE = Automatic;
				CURRENT_PROJECT_VERSION = 1;
				GENERATE_INFOPLIST_FILE = YES;
				IPHONEOS_DEPLOYMENT_TARGET = 17.4;
				MARKETING_VERSION = 1.0;
				PRODUCT_BUNDLE_IDENTIFIER = "fahim.amiri21-gmail.com.TourMeApp-Final-projectTests";
				PRODUCT_NAME = "$(TARGET_NAME)";
				SWIFT_EMIT_LOC_STRINGS = NO;
				SWIFT_VERSION = 5.0;
				TARGETED_DEVICE_FAMILY = "1,2";
				TEST_HOST = "$(BUILT_PRODUCTS_DIR)/TourMeApp-Final_project.app/$(BUNDLE_EXECUTABLE_FOLDER_PATH)/TourMeApp-Final_project";
			};
			name = Release;
		};
		314C40852BCE300000956DA8 /* Debug */ = {
			isa = XCBuildConfiguration;
			buildSettings = {
				ALWAYS_EMBED_SWIFT_STANDARD_LIBRARIES = YES;
				CODE_SIGN_STYLE = Automatic;
				CURRENT_PROJECT_VERSION = 1;
				GENERATE_INFOPLIST_FILE = YES;
				MARKETING_VERSION = 1.0;
				PRODUCT_BUNDLE_IDENTIFIER = "fahim.amiri21-gmail.com.TourMeApp-Final-projectUITests";
				PRODUCT_NAME = "$(TARGET_NAME)";
				SWIFT_EMIT_LOC_STRINGS = NO;
				SWIFT_VERSION = 5.0;
				TARGETED_DEVICE_FAMILY = "1,2";
				TEST_TARGET_NAME = "TourMeApp-Final_project";
			};
			name = Debug;
		};
		314C40862BCE300000956DA8 /* Release */ = {
			isa = XCBuildConfiguration;
			buildSettings = {
				ALWAYS_EMBED_SWIFT_STANDARD_LIBRARIES = YES;
				CODE_SIGN_STYLE = Automatic;
				CURRENT_PROJECT_VERSION = 1;
				GENERATE_INFOPLIST_FILE = YES;
				MARKETING_VERSION = 1.0;
				PRODUCT_BUNDLE_IDENTIFIER = "fahim.amiri21-gmail.com.TourMeApp-Final-projectUITests";
				PRODUCT_NAME = "$(TARGET_NAME)";
				SWIFT_EMIT_LOC_STRINGS = NO;
				SWIFT_VERSION = 5.0;
				TARGETED_DEVICE_FAMILY = "1,2";
				TEST_TARGET_NAME = "TourMeApp-Final_project";
			};
			name = Release;
		};
/* End XCBuildConfiguration section */

/* Begin XCConfigurationList section */
		314C40552BCE2FE400956DA8 /* Build configuration list for PBXProject "TourMeApp-Final_project" */ = {
			isa = XCConfigurationList;
			buildConfigurations = (
				314C407C2BCE300000956DA8 /* Debug */,
				314C407D2BCE300000956DA8 /* Release */,
			);
			defaultConfigurationIsVisible = 0;
			defaultConfigurationName = Release;
		};
		314C407E2BCE300000956DA8 /* Build configuration list for PBXNativeTarget "TourMeApp-Final_project" */ = {
			isa = XCConfigurationList;
			buildConfigurations = (
				314C407F2BCE300000956DA8 /* Debug */,
				314C40802BCE300000956DA8 /* Release */,
			);
			defaultConfigurationIsVisible = 0;
			defaultConfigurationName = Release;
		};
		314C40812BCE300000956DA8 /* Build configuration list for PBXNativeTarget "TourMeApp-Final_projectTests" */ = {
			isa = XCConfigurationList;
			buildConfigurations = (
				314C40822BCE300000956DA8 /* Debug */,
				314C40832BCE300000956DA8 /* Release */,
			);
			defaultConfigurationIsVisible = 0;
			defaultConfigurationName = Release;
		};
		314C40842BCE300000956DA8 /* Build configuration list for PBXNativeTarget "TourMeApp-Final_projectUITests" */ = {
			isa = XCConfigurationList;
			buildConfigurations = (
				314C40852BCE300000956DA8 /* Debug */,
				314C40862BCE300000956DA8 /* Release */,
			);
			defaultConfigurationIsVisible = 0;
			defaultConfigurationName = Release;
		};
/* End XCConfigurationList section */
	};
	rootObject = 314C40522BCE2FE400956DA8 /* Project object */;
}
